
Microsoft Visual Studio Solution File, Format Version 12.00
# Visual Studio Version 17
VisualStudioVersion = 17.0.31903.59
MinimumVisualStudioVersion = 10.0.40219.1
Project("{FAE04EC0-301F-11D3-BF4B-00C04F79EFBC}") = "NewTalent", "NewTalent\NewTalent.csproj", "{D47B423A-D5C8-4269-9AFF-83E7A99E254F}"
EndProject
Project("{FAE04EC0-301F-11D3-BF4B-00C04F79EFBC}") = "TesteNewTalent", "TesteNewTalent\TesteNewTalent.csproj", "{A611FCDA-07F2-440E-AFB1-73F552C3D4E8}"
EndProject
Global
	GlobalSection(SolutionConfigurationPlatforms) = preSolution
		Debug|Any CPU = Debug|Any CPU
		Release|Any CPU = Release|Any CPU
	EndGlobalSection
	GlobalSection(SolutionProperties) = preSolution
		HideSolutionNode = FALSE
	EndGlobalSection
	GlobalSection(ProjectConfigurationPlatforms) = postSolution
		{D47B423A-D5C8-4269-9AFF-83E7A99E254F}.Debug|Any CPU.ActiveCfg = Debug|Any CPU
		{D47B423A-D5C8-4269-9AFF-83E7A99E254F}.Debug|Any CPU.Build.0 = Debug|Any CPU
		{D47B423A-D5C8-4269-9AFF-83E7A99E254F}.Release|Any CPU.ActiveCfg = Release|Any CPU
		{D47B423A-D5C8-4269-9AFF-83E7A99E254F}.Release|Any CPU.Build.0 = Release|Any CPU
		{A611FCDA-07F2-440E-AFB1-73F552C3D4E8}.Debug|Any CPU.ActiveCfg = Debug|Any CPU
		{A611FCDA-07F2-440E-AFB1-73F552C3D4E8}.Debug|Any CPU.Build.0 = Debug|Any CPU
		{A611FCDA-07F2-440E-AFB1-73F552C3D4E8}.Release|Any CPU.ActiveCfg = Release|Any CPU
		{A611FCDA-07F2-440E-AFB1-73F552C3D4E8}.Release|Any CPU.Build.0 = Release|Any CPU
	EndGlobalSection
EndGlobal
